
Microsoft Visual Studio Solution File, Format Version 12.00
# Visual Studio Version 16
VisualStudioVersion = 16.0.33027.164
MinimumVisualStudioVersion = 10.0.40219.1
Project("{FAE04EC0-301F-11D3-BF4B-00C04F79EFBC}") = "App_Console_Cours", "App_Console_Cours.csproj", "{9CA7D0A9-529A-477C-915F-A6F650E01805}"
EndProject
Global
	GlobalSection(SolutionConfigurationPlatforms) = preSolution
		Debug|Any CPU = Debug|Any CPU
		Release|Any CPU = Release|Any CPU
	EndGlobalSection
	GlobalSection(ProjectConfigurationPlatforms) = postSolution
		{9CA7D0A9-529A-477C-915F-A6F650E01805}.Debug|Any CPU.ActiveCfg = Debug|Any CPU
		{9CA7D0A9-529A-477C-915F-A6F650E01805}.Debug|Any CPU.Build.0 = Debug|Any CPU
		{9CA7D0A9-529A-477C-915F-A6F650E01805}.Release|Any CPU.ActiveCfg = Release|Any CPU
		{9CA7D0A9-529A-477C-915F-A6F650E01805}.Release|Any CPU.Build.0 = Release|Any CPU
	EndGlobalSection
	GlobalSection(SolutionProperties) = preSolution
		HideSolutionNode = FALSE
	EndGlobalSection
	GlobalSection(ExtensibilityGlobals) = postSolution
		SolutionGuid = {EA69BCC1-26DB-40BA-8703-FAB288BBC524}
	EndGlobalSection
EndGlobal
